
Microsoft Visual Studio Solution File, Format Version 12.00
# Visual Studio Version 16
VisualStudioVersion = 16.0.29009.5
MinimumVisualStudioVersion = 10.0.40219.1
Project("{9A19103F-16F7-4668-BE54-9A1E7A4F7556}") = "SampleApplication", "WebApplication1\SampleApplication.csproj", "{DB756A74-B4C9-499E-8AB3-18B5A6AA0EAB}"
EndProject
Project("{FAE04EC0-301F-11D3-BF4B-00C04F79EFBC}") = "DataAccessLayer", "DataAccessLayer\DataAccessLayer.csproj", "{34E25FA2-AF2B-49AF-A28F-6F22FC17F04C}"
EndProject
Global
	GlobalSection(SolutionConfigurationPlatforms) = preSolution
		Debug|Any CPU = Debug|Any CPU
		Release|Any CPU = Release|Any CPU
	EndGlobalSection
	GlobalSection(ProjectConfigurationPlatforms) = postSolution
		{DB756A74-B4C9-499E-8AB3-18B5A6AA0EAB}.Debug|Any CPU.ActiveCfg = Debug|Any CPU
		{DB756A74-B4C9-499E-8AB3-18B5A6AA0EAB}.Debug|Any CPU.Build.0 = Debug|Any CPU
		{DB756A74-B4C9-499E-8AB3-18B5A6AA0EAB}.Release|Any CPU.ActiveCfg = Release|Any CPU
		{DB756A74-B4C9-499E-8AB3-18B5A6AA0EAB}.Release|Any CPU.Build.0 = Release|Any CPU
		{34E25FA2-AF2B-49AF-A28F-6F22FC17F04C}.Debug|Any CPU.ActiveCfg = Debug|Any CPU
		{34E25FA2-AF2B-49AF-A28F-6F22FC17F04C}.Debug|Any CPU.Build.0 = Debug|Any CPU
		{34E25FA2-AF2B-49AF-A28F-6F22FC17F04C}.Release|Any CPU.ActiveCfg = Release|Any CPU
		{34E25FA2-AF2B-49AF-A28F-6F22FC17F04C}.Release|Any CPU.Build.0 = Release|Any CPU
	EndGlobalSection
	GlobalSection(SolutionProperties) = preSolution
		HideSolutionNode = FALSE
	EndGlobalSection
	GlobalSection(ExtensibilityGlobals) = postSolution
		SolutionGuid = {8EE075F8-DCAB-4E09-B284-02FEBC6552FF}
	EndGlobalSection
EndGlobal
